{
    "_readme": [
        "This file locks the dependencies of your project to a known state",
        "Read more about it at https://getcomposer.org/doc/01-basic-usage.md#composer-lock-the-lock-file",
        "This file is @generated automatically"
    ],
    "hash": "11a99c3b348892df068ddfabae19d3a4",
    "content-hash": "e3966a8379a6927350a73d4a3508f6be",
    "packages": [
        {
            "name": "composer/installers",
            "version": "v1.4.0",
            "source": {
                "type": "git",
                "url": "https://github.com/composer/installers.git",
                "reference": "9ce17fb70e9a38dd8acff0636a29f5cf4d575c1b"
            },
            "dist": {
                "type": "zip",
                "url": "https://api.github.com/repos/composer/installers/zipball/9ce17fb70e9a38dd8acff0636a29f5cf4d575c1b",
                "reference": "9ce17fb70e9a38dd8acff0636a29f5cf4d575c1b",
                "shasum": ""
            },
            "require": {
                "composer-plugin-api": "^1.0"
            },
            "replace": {
                "roundcube/plugin-installer": "*",
                "shama/baton": "*"
            },
            "require-dev": {
                "composer/composer": "1.0.*@dev",
                "phpunit/phpunit": "4.1.*"
            },
            "type": "composer-plugin",
            "extra": {
                "class": "Composer\\Installers\\Plugin",
                "branch-alias": {
                    "dev-master": "1.0-dev"
                }
            },
            "autoload": {
                "psr-4": {
                    "Composer\\Installers\\": "src/Composer/Installers"
                }
            },
            "notification-url": "https://packagist.org/downloads/",
            "license": [
                "MIT"
            ],
            "authors": [
                {
                    "name": "Kyle Robinson Young",
                    "email": "kyle@dontkry.com",
                    "homepage": "https://github.com/shama"
                }
            ],
            "description": "A multi-framework Composer library installer",
            "homepage": "https://composer.github.io/installers/",
            "keywords": [
                "Craft",
                "Dolibarr",
                "Eliasis",
                "Hurad",
                "ImageCMS",
                "Kanboard",
                "Lan Management System",
                "MODX Evo",
                "Mautic",
                "Maya",
                "OXID",
                "Plentymarkets",
                "Porto",
                "RadPHP",
                "SMF",
                "Thelia",
                "WolfCMS",
                "agl",
                "aimeos",
                "annotatecms",
                "attogram",
                "bitrix",
                "cakephp",
                "chef",
                "cockpit",
                "codeigniter",
                "concrete5",
                "croogo",
                "dokuwiki",
                "drupal",
                "eZ Platform",
                "elgg",
                "expressionengine",
                "fuelphp",
                "grav",
                "installer",
                "itop",
                "joomla",
                "kohana",
                "laravel",
                "lavalite",
                "lithium",
                "magento",
                "mako",
                "mediawiki",
                "modulework",
                "moodle",
                "osclass",
                "phpbb",
                "piwik",
                "ppi",
                "puppet",
                "reindex",
                "roundcube",
                "shopware",
                "silverstripe",
                "sydes",
                "symfony",
                "typo3",
                "wordpress",
                "yawik",
                "zend",
                "zikula"
            ],
            "time": "2017-08-09 07:53:48"
        },
        {
            "name": "hirak/prestissimo",
            "version": "0.3.7",
            "source": {
                "type": "git",
                "url": "https://github.com/hirak/prestissimo.git",
                "reference": "45fcc8a65fb06b29cc5cdd1b0bae7a690aa09496"
            },
            "dist": {
                "type": "zip",
                "url": "https://api.github.com/repos/hirak/prestissimo/zipball/45fcc8a65fb06b29cc5cdd1b0bae7a690aa09496",
                "reference": "45fcc8a65fb06b29cc5cdd1b0bae7a690aa09496",
                "shasum": ""
            },
            "require": {
                "composer-plugin-api": "^1.0.0",
                "ext-curl": "*",
                "php": "^5.3.2 || ^7.0"
            },
            "require-dev": {
                "composer/composer": "1.0.0",
                "phpunit/phpunit": "^4.8",
                "squizlabs/php_codesniffer": "^2.5"
            },
            "type": "composer-plugin",
            "extra": {
                "class": "Hirak\\Prestissimo\\Plugin"
            },
            "autoload": {
                "psr-4": {
                    "Hirak\\Prestissimo\\": "src/"
                }
            },
            "notification-url": "https://packagist.org/downloads/",
            "license": [
                "MIT"
            ],
            "authors": [
                {
                    "name": "Hiraku NAKANO",
                    "email": "hiraku@tojiru.net"
                }
            ],
            "description": "composer parallel install plugin",
            "keywords": [
                "install",
                "parallel",
                "speedup"
            ],
            "time": "2017-05-27 04:45:45"
        },
        {
            "name": "humanmade/mercator",
            "version": "dev-master",
            "source": {
                "type": "git",
                "url": "https://github.com/humanmade/Mercator.git",
                "reference": "7f3846a"
            },
            "dist": {
                "type": "zip",
                "url": "https://api.github.com/repos/humanmade/Mercator/zipball/7f3846a",
                "reference": "7f3846a",
                "shasum": ""
            },
            "require": {
                "composer/installers": "~1.0"
            },
            "type": "wordpress-muplugin",
            "license": [
                "GPL-2.0+"
            ],
            "authors": [
                {
                    "name": "Human Made Limited",
                    "email": "support@humanmade.co.uk",
                    "homepage": "http://hmn.md/"
                }
            ],
            "description": "WordPress multisite domain mapping for the modern era.",
            "homepage": "https://github.com/humanmade/Mercator",
            "keywords": [
                "wordpress"
            ],
            "support": {
                "source": "https://github.com/humanmade/Mercator/tree/1.0.1",
                "issues": "https://github.com/humanmade/Mercator/issues"
            },
            "time": "2017-06-13 08:40:13"
        },
        {
            "name": "humanmade/s3-uploads",
            "version": "v1.1.0",
            "source": {
                "type": "git",
                "url": "https://github.com/humanmade/S3-Uploads.git",
                "reference": "9cb765284e7407d7ad2309a64dd8e5e13db258b2"
            },
            "dist": {
                "type": "zip",
                "url": "https://api.github.com/repos/humanmade/S3-Uploads/zipball/9cb765284e7407d7ad2309a64dd8e5e13db258b2",
                "reference": "9cb765284e7407d7ad2309a64dd8e5e13db258b2",
                "shasum": ""
            },
            "require": {
                "composer/installers": "~1.0"
            },
            "type": "wordpress-plugin",
            "notification-url": "https://packagist.org/downloads/",
            "license": [
                "GPL-2.0+"
            ],
            "authors": [
                {
                    "name": "Human Made Limited",
                    "email": "support@humanmade.co.uk",
                    "homepage": "http://hmn.md/"
                }
            ],
            "description": "WordPress plugin to store uploads on S3",
            "homepage": "https://github.com/humanmade/S3-Uploads",
            "keywords": [
                "wordpress"
            ],
            "time": "2016-04-29 10:00:39"
        },
        {
            "name": "johnpbloch/wordpress-core",
            "version": "4.9.1",
            "source": {
                "type": "git",
                "url": "https://github.com/johnpbloch/wordpress-core.git",
                "reference": "e47f6652557c3160ee432c2fca5594ac1a8698f5"
            },
            "dist": {
                "type": "zip",
                "url": "https://api.github.com/repos/johnpbloch/wordpress-core/zipball/e47f6652557c3160ee432c2fca5594ac1a8698f5",
                "reference": "e47f6652557c3160ee432c2fca5594ac1a8698f5",
                "shasum": ""
            },
            "require": {
                "php": ">=5.3.2"
            },
            "provide": {
                "wordpress/core-implementation": "4.9.1"
            },
            "type": "wordpress-core",
            "notification-url": "https://packagist.org/downloads/",
            "license": [
                "GPL-2.0+"
            ],
            "authors": [
                {
                    "name": "WordPress Community",
                    "homepage": "http://wordpress.org/about/"
                }
            ],
            "description": "WordPress is web software you can use to create a beautiful website or blog.",
            "homepage": "http://wordpress.org/",
            "keywords": [
                "blog",
                "cms",
                "wordpress"
            ],
            "time": "2017-11-29 21:57:13"
        },
        {
            "name": "johnpbloch/wordpress-core-installer",
            "version": "1.0.0",
            "source": {
                "type": "git",
                "url": "https://github.com/johnpbloch/wordpress-core-installer.git",
                "reference": "e9e767f2d9f994f358c34b41def2c410ad8717f2"
            },
            "dist": {
                "type": "zip",
                "url": "https://api.github.com/repos/johnpbloch/wordpress-core-installer/zipball/e9e767f2d9f994f358c34b41def2c410ad8717f2",
                "reference": "e9e767f2d9f994f358c34b41def2c410ad8717f2",
                "shasum": ""
            },
            "require": {
                "composer-plugin-api": "^1.0"
            },
            "conflict": {
                "composer/installers": "<1.0.6"
            },
            "require-dev": {
                "composer/composer": "^1.0",
                "phpunit/phpunit": ">=4.8.35"
            },
            "type": "composer-plugin",
            "extra": {
                "class": "johnpbloch\\Composer\\WordPressCorePlugin"
            },
            "autoload": {
                "psr-0": {
                    "johnpbloch\\Composer\\": "src/"
                }
            },
            "notification-url": "https://packagist.org/downloads/",
            "license": [
                "GPL-2.0+"
            ],
            "authors": [
                {
                    "name": "John P. Bloch",
                    "email": "me@johnpbloch.com"
                }
            ],
            "description": "A custom installer to handle deploying WordPress with composer",
            "keywords": [
                "wordpress"
            ],
            "time": "2017-05-31 18:42:33"
        },
        {
            "name": "moderntribe/ajax-queue",
            "version": "dev-master",
            "source": {
                "type": "git",
                "url": "https://github.com/moderntribe/ajax-queue.git",
                "reference": "6579564c44d78b558d275c22eea40c0433fd5a17"
            },
            "dist": {
                "type": "zip",
                "url": "https://api.github.com/repos/moderntribe/ajax-queue/zipball/6579564c44d78b558d275c22eea40c0433fd5a17",
                "reference": "6579564c44d78b558d275c22eea40c0433fd5a17",
                "shasum": ""
            },
            "type": "project",
            "autoload": {
                "psr-0": {
                    "AJAXQueue": "src/"
                }
            },
            "license": [
                "Private"
            ],
            "description": "Group ajax calls",
            "support": {
                "source": "https://github.com/moderntribe/ajax-queue/tree/master",
                "issues": "https://github.com/moderntribe/ajax-queue/issues"
            },
            "time": "2015-08-21 06:25:04"
        },
        {
            "name": "moderntribe/attachment-helper",
            "version": "1.0.1",
            "source": {
                "type": "git",
                "url": "https://github.com/moderntribe/attachment-helper.git",
                "reference": "96e35fcb4c0883702d3f91e95b00985273a8eae7"
            },
            "dist": {
                "type": "zip",
                "url": "https://api.github.com/repos/moderntribe/attachment-helper/zipball/96e35fcb4c0883702d3f91e95b00985273a8eae7",
                "reference": "96e35fcb4c0883702d3f91e95b00985273a8eae7",
                "shasum": ""
            },
            "type": "library",
            "autoload": {
                "psr-4": {
                    "AttachmentHelper\\": "AttachmentHelper"
                }
            },
            "license": [
                "MIT"
            ],
            "authors": [
                {
                    "name": "Jonathan Brinley",
                    "email": "jonathan@tri.be"
                }
            ],
            "description": "A library for adding a file upload field to an admin meta box",
            "support": {
                "source": "https://github.com/moderntribe/attachment-helper/tree/1.0.1"
            },
            "time": "2016-04-24 20:00:57"
        },
        {
            "name": "moderntribe/panel-builder",
            "version": "dev-3.3-branch",
            "source": {
                "type": "git",
                "url": "git@github.com:moderntribe/panel-builder.git",
                "reference": "d3a73633656797b06c7a71f73773ee9b526f8393"
            },
            "dist": {
                "type": "zip",
                "url": "https://api.github.com/repos/moderntribe/panel-builder/zipball/d3a73633656797b06c7a71f73773ee9b526f8393",
                "reference": "d3a73633656797b06c7a71f73773ee9b526f8393",
                "shasum": ""
            },
            "require": {
                "moderntribe/ajax-queue": "dev-master",
                "moderntribe/attachment-helper": "^1.0.0"
            },
            "require-dev": {
                "lucatume/wp-browser": "^1.10"
            },
            "type": "wordpress-plugin",
            "autoload": {
                "psr-4": {
                    "ModularContent\\": "ModularContent/"
                }
            },
            "license": [
                "proprietary"
            ],
            "authors": [
                {
                    "name": "Modern Tribe",
                    "email": "peter@tri.be"
                }
            ],
            "description": "The Modern Tribe Panel Builder plugin",
            "support": {
                "source": "https://github.com/moderntribe/panel-builder/tree/3.3-branch",
                "issues": "https://github.com/moderntribe/panel-builder/issues"
            },
            "time": "2017-12-06 17:00:40"
        },
        {
            "name": "vlucas/phpdotenv",
            "version": "dev-master",
            "source": {
                "type": "git",
                "url": "https://github.com/vlucas/phpdotenv.git",
                "reference": "ec37c495d56b68f103acafa95fec5ed39b14d7db"
            },
            "dist": {
                "type": "zip",
                "url": "https://api.github.com/repos/vlucas/phpdotenv/zipball/ec37c495d56b68f103acafa95fec5ed39b14d7db",
                "reference": "ec37c495d56b68f103acafa95fec5ed39b14d7db",
                "shasum": ""
            },
            "require": {
                "php": ">=5.3.9"
            },
            "require-dev": {
                "phpunit/phpunit": "^4.8.35 || ^5.0"
            },
            "type": "library",
            "extra": {
                "branch-alias": {
                    "dev-master": "2.5-dev"
                }
            },
            "autoload": {
                "psr-4": {
                    "Dotenv\\": "src/"
                }
            },
            "notification-url": "https://packagist.org/downloads/",
            "license": [
                "BSD-3-Clause-Attribution"
            ],
            "authors": [
                {
                    "name": "Vance Lucas",
                    "email": "vance@vancelucas.com",
                    "homepage": "http://www.vancelucas.com"
                }
            ],
            "description": "Loads environment variables from `.env` to `getenv()`, `$_ENV` and `$_SERVER` automagically.",
            "keywords": [
                "dotenv",
                "env",
                "environment"
            ],
            "time": "2017-11-24 14:28:50"
        },
        {
            "name": "wpackagist-plugin/configure-smtp",
            "version": "3.1",
            "source": {
                "type": "svn",
                "url": "https://plugins.svn.wordpress.org/configure-smtp/",
                "reference": "tags/3.1"
            },
            "dist": {
                "type": "zip",
                "url": "https://downloads.wordpress.org/plugin/configure-smtp.3.1.zip",
                "reference": null,
                "shasum": null
            },
            "require": {
                "composer/installers": "~1.0"
            },
            "type": "wordpress-plugin",
            "homepage": "https://wordpress.org/plugins/configure-smtp/"
        },
        {
            "name": "wpackagist-plugin/gravity-forms-wcag-20-form-fields",
            "version": "1.6.0",
            "source": {
                "type": "svn",
                "url": "https://plugins.svn.wordpress.org/gravity-forms-wcag-20-form-fields/",
                "reference": "trunk"
            },
            "dist": {
                "type": "zip",
                "url": "https://downloads.wordpress.org/plugin/gravity-forms-wcag-20-form-fields.zip?timestamp=1506167471",
                "reference": null,
                "shasum": null
            },
            "require": {
                "composer/installers": "~1.0"
            },
            "type": "wordpress-plugin",
            "homepage": "https://wordpress.org/plugins/gravity-forms-wcag-20-form-fields/"
        },
        {
            "name": "wpackagist-plugin/limit-login-attempts",
            "version": "2.0beta3",
            "source": {
                "type": "svn",
                "url": "https://plugins.svn.wordpress.org/limit-login-attempts/",
                "reference": "tags/2.0beta3"
            },
            "dist": {
                "type": "zip",
                "url": "https://downloads.wordpress.org/plugin/limit-login-attempts.2.0beta3.zip",
                "reference": null,
                "shasum": null
            },
            "require": {
                "composer/installers": "~1.0"
            },
            "type": "wordpress-plugin",
            "homepage": "https://wordpress.org/plugins/limit-login-attempts/"
        },
        {
            "name": "wpackagist-plugin/posts-to-posts",
            "version": "1.6.5",
            "source": {
                "type": "svn",
                "url": "https://plugins.svn.wordpress.org/posts-to-posts/",
                "reference": "tags/1.6.5"
            },
            "dist": {
                "type": "zip",
                "url": "https://downloads.wordpress.org/plugin/posts-to-posts.1.6.5.zip",
                "reference": null,
                "shasum": null
            },
            "require": {
                "composer/installers": "~1.0"
            },
            "type": "wordpress-plugin",
            "homepage": "https://wordpress.org/plugins/posts-to-posts/"
        },
        {
            "name": "wpackagist-plugin/regenerate-thumbnails",
            "version": "2.3.1",
            "source": {
                "type": "svn",
                "url": "https://plugins.svn.wordpress.org/regenerate-thumbnails/",
                "reference": "tags/2.3.1"
            },
            "dist": {
                "type": "zip",
                "url": "https://downloads.wordpress.org/plugin/regenerate-thumbnails.2.3.1.zip",
                "reference": null,
                "shasum": null
            },
            "require": {
                "composer/installers": "~1.0"
            },
            "type": "wordpress-plugin",
            "homepage": "https://wordpress.org/plugins/regenerate-thumbnails/"
        },
        {
            "name": "wpackagist-plugin/user-switching",
            "version": "1.3.0",
            "source": {
                "type": "svn",
                "url": "https://plugins.svn.wordpress.org/user-switching/",
                "reference": "tags/1.3.0"
            },
            "dist": {
                "type": "zip",
                "url": "https://downloads.wordpress.org/plugin/user-switching.1.3.0.zip",
                "reference": null,
                "shasum": null
            },
            "require": {
                "composer/installers": "~1.0"
            },
            "type": "wordpress-plugin",
            "homepage": "https://wordpress.org/plugins/user-switching/"
        },
        {
            "name": "wpackagist-plugin/wordpress-seo",
            "version": "5.9.3",
            "source": {
                "type": "svn",
                "url": "https://plugins.svn.wordpress.org/wordpress-seo/",
                "reference": "tags/5.9.3"
            },
            "dist": {
                "type": "zip",
                "url": "https://downloads.wordpress.org/plugin/wordpress-seo.5.9.3.zip",
                "reference": null,
                "shasum": null
            },
            "require": {
                "composer/installers": "~1.0"
            },
            "type": "wordpress-plugin",
            "homepage": "https://wordpress.org/plugins/wordpress-seo/"
        }
    ],
    "packages-dev": [],
    "aliases": [],
    "minimum-stability": "dev",
    "stability-flags": {
        "moderntribe/panel-builder": 20,
        "humanmade/mercator": 20
    },
    "prefer-stable": false,
    "prefer-lowest": false,
    "platform": {
        "php": "^7.0"
    },
    "platform-dev": []
}
