{
    "_readme": [
        "This file locks the dependencies of your project to a known state",
        "Read more about it at https://getcomposer.org/doc/01-basic-usage.md#installing-dependencies",
        "This file is @generated automatically"
    ],
    "content-hash": "d8a017981971cccdbc2c2144e6eac993",
    "packages": [
        {
            "name": "nikic/fast-route",
            "version": "v1.3.0",
            "source": {
                "type": "git",
                "url": "https://github.com/nikic/FastRoute.git",
                "reference": "181d480e08d9476e61381e04a71b34dc0432e812"
            },
            "dist": {
                "type": "zip",
                "url": "https://api.github.com/repos/nikic/FastRoute/zipball/181d480e08d9476e61381e04a71b34dc0432e812",
                "reference": "181d480e08d9476e61381e04a71b34dc0432e812",
                "shasum": ""
            },
            "require": {
                "php": ">=5.4.0"
            },
            "require-dev": {
                "phpunit/phpunit": "^4.8.35|~5.7"
            },
            "type": "library",
            "autoload": {
                "psr-4": {
                    "FastRoute\\": "src/"
                },
                "files": [
                    "src/functions.php"
                ]
            },
            "notification-url": "https://packagist.org/downloads/",
            "license": [
                "BSD-3-Clause"
            ],
            "authors": [
                {
                    "name": "Nikita Popov",
                    "email": "nikic@php.net"
                }
            ],
            "description": "Fast request router for PHP",
            "keywords": [
                "router",
                "routing"
            ],
            "time": "2018-02-13T20:26:39+00:00"
        },
        {
            "name": "sergeytsalkov/meekrodb",
            "version": "v2.3",
            "source": {
                "type": "git",
                "url": "https://github.com/SergeyTsalkov/meekrodb.git",
                "reference": "eb36858f1aff94ae1665900e681a1cfb78563ee1"
            },
            "dist": {
                "type": "zip",
                "url": "https://api.github.com/repos/SergeyTsalkov/meekrodb/zipball/eb36858f1aff94ae1665900e681a1cfb78563ee1",
                "reference": "eb36858f1aff94ae1665900e681a1cfb78563ee1",
                "shasum": ""
            },
            "require": {
                "php": ">=5.2.0"
            },
            "type": "library",
            "autoload": {
                "classmap": [
                    "db.class.php"
                ]
            },
            "notification-url": "https://packagist.org/downloads/",
            "license": [
                "LGPL-3.0"
            ],
            "authors": [
                {
                    "name": "Sergey Tsalkov",
                    "email": "stsalkov@gmail.com"
                }
            ],
            "description": "The Simple PHP/MySQL Library",
            "homepage": "http://www.meekro.com",
            "keywords": [
                "database",
                "mysql",
                "mysqli",
                "pdo"
            ],
            "time": "2014-06-16T22:40:22+00:00"
        }
    ],
    "packages-dev": [],
    "aliases": [],
    "minimum-stability": "dev",
    "stability-flags": [],
    "prefer-stable": true,
    "prefer-lowest": false,
    "platform": [],
    "platform-dev": [],
    "plugin-api-version": "1.1.0"
}
